
Microsoft Visual Studio Solution File, Format Version 12.00
# Visual Studio Version 17
VisualStudioVersion = 17.3.32922.545
MinimumVisualStudioVersion = 10.0.40219.1
Project("{FAE04EC0-301F-11D3-BF4B-00C04F79EFBC}") = "DbTester", "DbTester\DbTester.csproj", "{69B9BD67-FCBA-4DD6-AD23-DDA75B593ED9}"
EndProject
Global
	GlobalSection(SolutionConfigurationPlatforms) = preSolution
		Debug|Any CPU = Debug|Any CPU
		Release|Any CPU = Release|Any CPU
	EndGlobalSection
	GlobalSection(ProjectConfigurationPlatforms) = postSolution
		{69B9BD67-FCBA-4DD6-AD23-DDA75B593ED9}.Debug|Any CPU.ActiveCfg = Debug|Any CPU
		{69B9BD67-FCBA-4DD6-AD23-DDA75B593ED9}.Debug|Any CPU.Build.0 = Debug|Any CPU
		{69B9BD67-FCBA-4DD6-AD23-DDA75B593ED9}.Release|Any CPU.ActiveCfg = Release|Any CPU
		{69B9BD67-FCBA-4DD6-AD23-DDA75B593ED9}.Release|Any CPU.Build.0 = Release|Any CPU
	EndGlobalSection
	GlobalSection(SolutionProperties) = preSolution
		HideSolutionNode = FALSE
	EndGlobalSection
	GlobalSection(ExtensibilityGlobals) = postSolution
		SolutionGuid = {0FDB95D4-9B23-482E-B164-B7B283F6B438}
	EndGlobalSection
EndGlobal
